<?xml version="1.0" encoding="utf-8"?>
<Project ToolsVersion="4.0" xmlns="http://schemas.microsoft.com/developer/msbuild/2003">
  <ItemGroup>
    <Filter Include="Source Files">
      <UniqueIdentifier>{4FC737F1-C7A5-4376-A066-2A32D752A2FF}</UniqueIdentifier>
      <Extensions>cpp;c;cc;cxx;def;odl;idl;hpj;bat;asm;asmx</Extensions>
    </Filter>
    <Filter Include="Header Files">
      <UniqueIdentifier>{93995380-89BD-4b04-88EB-625FBE52EBFB}</UniqueIdentifier>
      <Extensions>h;hh;hpp;hxx;hm;inl;inc;ipp;xsd</Extensions>
    </Filter>
    <Filter Include="Resource Files">
      <UniqueIdentifier>{67DA6AB6-F800-4c08-8B7A-83BB121AAD01}</UniqueIdentifier>
      <Extensions>rc;ico;cur;bmp;dlg;rc2;rct;bin;rgs;gif;jpg;jpeg;jpe;resx;tiff;tif;png;wav;mfcribbon-ms</Extensions>
    </Filter>
    <Filter Include="Source Files\Instructions">
      <UniqueIdentifier>{2bb9b3ea-a2e7-43d5-b677-a1dd4dcb776f}</UniqueIdentifier>
    </Filter>
    <Filter Include="Header Files\Instructions">
      <UniqueIdentifier>{cbd20769-5351-4dcc-ac40-b5dbd8fd58c4}</UniqueIdentifier>
    </Filter>
    <Filter Include="Header Files\Instructions\ZeroRegInstr">
      <UniqueIdentifier>{c3e05cd6-0536-4f05-ac25-2ac117470d19}</UniqueIdentifier>
    </Filter>
    <Filter Include="Source Files\Instructions\ZeroRegInstr">
      <UniqueIdentifier>{a378f7e9-86f9-4e0e-995d-2601ec51e892}</UniqueIdentifier>
    </Filter>
    <Filter Include="Source Files\Instructions\ZeroRegInstr\NoopInstr">
      <UniqueIdentifier>{ba65dc3a-0459-4de5-9512-f3d817dacec2}</UniqueIdentifier>
    </Filter>
    <Filter Include="Header Files\Instructions\ZeroRegInstr\NoopInstr">
      <UniqueIdentifier>{cd27e501-7f7a-4809-a636-8c086776e6a3}</UniqueIdentifier>
    </Filter>
    <Filter Include="Header Files\Instructions\OneRegInstr">
      <UniqueIdentifier>{73a6b617-1ea3-49aa-80c6-9bc38b19586d}</UniqueIdentifier>
    </Filter>
    <Filter Include="Source Files\Instructions\OneRegInstr">
      <UniqueIdentifier>{b3aa5efb-fa30-473b-bd27-bd851c22d2d8}</UniqueIdentifier>
    </Filter>
    <Filter Include="Header Files\Instructions\OneRegInstr\BrInstr">
      <UniqueIdentifier>{3d279853-dc98-4499-964d-3e5d181116a1}</UniqueIdentifier>
    </Filter>
    <Filter Include="Source Files\Instructions\OneRegInstr\BrInstr">
      <UniqueIdentifier>{835dfe5f-92d5-49f5-9bbe-33c3f48b96bf}</UniqueIdentifier>
    </Filter>
    <Filter Include="Source Files\Instructions\OneRegInstr\BreqInstr">
      <UniqueIdentifier>{ca6f9ba4-8282-488b-abd5-7624a82acf4d}</UniqueIdentifier>
    </Filter>
    <Filter Include="Header Files\Instructions\OneRegInstr\BreqInstr">
      <UniqueIdentifier>{b99dbfbe-ec9d-404c-9c61-cef183870781}</UniqueIdentifier>
    </Filter>
    <Filter Include="Header Files\Instructions\OneRegInstr\BrneInstr">
      <UniqueIdentifier>{6c665385-5bb7-47c5-bf54-55eb95695b3b}</UniqueIdentifier>
    </Filter>
    <Filter Include="Source Files\Instructions\OneRegInstr\BrneInstr">
      <UniqueIdentifier>{c99961cc-3427-4de8-a310-9fcce7ea4709}</UniqueIdentifier>
    </Filter>
    <Filter Include="Source Files\Instructions\OneRegInstr\BrltsInstr">
      <UniqueIdentifier>{c1caa927-9b1c-477f-85de-27f26c8b329c}</UniqueIdentifier>
    </Filter>
    <Filter Include="Header Files\Instructions\OneRegInstr\BrltsInstr">
      <UniqueIdentifier>{ef980a11-90a1-49b1-b4e9-bdc1e2f7da5b}</UniqueIdentifier>
    </Filter>
    <Filter Include="Header Files\Instructions\OneRegInstr\BrgtsInstr">
      <UniqueIdentifier>{ad448d0b-e586-49ae-a613-99990e6e1159}</UniqueIdentifier>
    </Filter>
    <Filter Include="Source Files\Instructions\OneRegInstr\BrgtsInstr">
      <UniqueIdentifier>{1b3a795a-c545-41eb-a309-1229a2e77961}</UniqueIdentifier>
    </Filter>
    <Filter Include="Source Files\Instructions\OneRegInstr\BrltuInstr">
      <UniqueIdentifier>{30dec9a2-69dd-4e48-8f23-f9732a6133b5}</UniqueIdentifier>
    </Filter>
    <Filter Include="Header Files\Instructions\OneRegInstr\BrltuInstr">
      <UniqueIdentifier>{fdf0b042-10c6-468a-b4d1-492381e7ec2d}</UniqueIdentifier>
    </Filter>
    <Filter Include="Source Files\Instructions\OneRegInstr\BrgtuInstr">
      <UniqueIdentifier>{821c00f8-c937-4680-bef2-850cf613285a}</UniqueIdentifier>
    </Filter>
    <Filter Include="Header Files\Instructions\OneRegInstr\BrgtuInstr">
      <UniqueIdentifier>{a9a1e9cf-947e-4fe1-aa9c-779dffe247de}</UniqueIdentifier>
    </Filter>
    <Filter Include="Source Files\Instructions\OneRegInstr\ClrInstr">
      <UniqueIdentifier>{1578fb3a-a97f-415e-ad44-95d49c7e9dc7}</UniqueIdentifier>
    </Filter>
    <Filter Include="Header Files\Instructions\OneRegInstr\ClrInstr">
      <UniqueIdentifier>{ebffd1e9-9e81-4a53-9875-e0da9c891bce}</UniqueIdentifier>
    </Filter>
    <Filter Include="Source Files\Instructions\OneRegInstr\NotInstr">
      <UniqueIdentifier>{5a59b00d-874d-4f5d-9114-6bc7dabc05f3}</UniqueIdentifier>
    </Filter>
    <Filter Include="Header Files\Instructions\OneRegInstr\NotInstr">
      <UniqueIdentifier>{3a7a2fb1-8e58-4efe-a472-056f401c8844}</UniqueIdentifier>
    </Filter>
    <Filter Include="Header Files\Instructions\TwoRegInstr">
      <UniqueIdentifier>{1a1b3bca-13fb-43f3-a893-348a5a6406b9}</UniqueIdentifier>
    </Filter>
    <Filter Include="Source Files\Instructions\TwoRegInstr">
      <UniqueIdentifier>{d6327a1c-48b3-4c18-b811-8a8de4af343d}</UniqueIdentifier>
    </Filter>
    <Filter Include="Source Files\Instructions\TwoRegInstr\AddInstr">
      <UniqueIdentifier>{f6187d21-3f1e-4ec1-b8fc-6b9d7f743c8c}</UniqueIdentifier>
    </Filter>
    <Filter Include="Header Files\Instructions\TwoRegInstr\AddInstr">
      <UniqueIdentifier>{0765eb98-2af7-43ea-8657-3d9f6f6f6cf6}</UniqueIdentifier>
    </Filter>
    <Filter Include="Source Files\Instructions\TwoRegInstr\SubInstr">
      <UniqueIdentifier>{85e68d3e-3817-4503-949f-75e77ba13371}</UniqueIdentifier>
    </Filter>
    <Filter Include="Header Files\Instructions\TwoRegInstr\SubInstr">
      <UniqueIdentifier>{25cad605-6162-4171-ba4c-6105becba3de}</UniqueIdentifier>
    </Filter>
    <Filter Include="Source Files\Instructions\TwoRegInstr\CmpInstr">
      <UniqueIdentifier>{cc4bcca2-5410-424b-a564-d7ed090064b2}</UniqueIdentifier>
    </Filter>
    <Filter Include="Header Files\Instructions\TwoRegInstr\CmpInstr">
      <UniqueIdentifier>{95c06a20-a46b-49fa-882d-863fafa8a80d}</UniqueIdentifier>
    </Filter>
    <Filter Include="Source Files\Instructions\TwoRegInstr\OrInstr">
      <UniqueIdentifier>{6a9f0460-0856-480e-9b1d-1803968eb7d0}</UniqueIdentifier>
    </Filter>
    <Filter Include="Header Files\Instructions\TwoRegInstr\OrInstr">
      <UniqueIdentifier>{e0627042-daa1-4248-90bf-331f03a12777}</UniqueIdentifier>
    </Filter>
    <Filter Include="Source Files\Instructions\TwoRegInstr\AndInstr">
      <UniqueIdentifier>{5348c62f-d5a6-4b6a-b4d0-bbcec64c5bf1}</UniqueIdentifier>
    </Filter>
    <Filter Include="Header Files\Instructions\TwoRegInstr\AndInstr">
      <UniqueIdentifier>{d00e6f63-d8d1-40b1-9067-b09994e24931}</UniqueIdentifier>
    </Filter>
    <Filter Include="Source Files\Instructions\TwoRegInstr\XorInstr">
      <UniqueIdentifier>{92c0088e-61a0-4ebf-bce2-ce51d7be41fc}</UniqueIdentifier>
    </Filter>
    <Filter Include="Header Files\Instructions\TwoRegInstr\XorInstr">
      <UniqueIdentifier>{da3a5509-1134-4a03-815d-9546fc83a06b}</UniqueIdentifier>
    </Filter>
    <Filter Include="Source Files\Instructions\OneRegImmInstr">
      <UniqueIdentifier>{d5f541dd-caf8-47b7-98a3-ab14d6011c2d}</UniqueIdentifier>
    </Filter>
    <Filter Include="Header Files\Instructions\OneRegImmInstr">
      <UniqueIdentifier>{43abd4ee-4d45-48e8-a290-499e3dfa389b}</UniqueIdentifier>
    </Filter>
    <Filter Include="Source Files\Instructions\OneRegImmInstr\LdiInstr">
      <UniqueIdentifier>{6cc831b1-2078-4147-b1cc-4ab2c7acab08}</UniqueIdentifier>
    </Filter>
    <Filter Include="Header Files\Instructions\OneRegImmInstr\LdiInstr">
      <UniqueIdentifier>{7989dd56-9925-4030-8139-733b3f463581}</UniqueIdentifier>
    </Filter>
    <Filter Include="Header Files\Instructions\OneRegImmInstr\ShiftRotateInstr">
      <UniqueIdentifier>{3bdb8775-1371-405e-ac03-65afdde6213e}</UniqueIdentifier>
    </Filter>
    <Filter Include="Source Files\Instructions\OneRegImmInstr\ShiftRotateInstr">
      <UniqueIdentifier>{3033cd5b-fa83-40af-843e-ad7eacfa94a9}</UniqueIdentifier>
    </Filter>
    <Filter Include="Header Files\Instructions\OneRegImmInstr\ShiftRotateInstr\LshInstr">
      <UniqueIdentifier>{e3693572-15ac-46f3-9c70-768b7ece4efe}</UniqueIdentifier>
    </Filter>
    <Filter Include="Source Files\Instructions\OneRegImmInstr\ShiftRotateInstr\LshInstr">
      <UniqueIdentifier>{0d131764-c157-4b59-abcf-d65d902186ba}</UniqueIdentifier>
    </Filter>
    <Filter Include="Header Files\Instructions\OneRegImmInstr\ShiftRotateInstr\RshInstr">
      <UniqueIdentifier>{10b3ac84-b3fe-4616-a190-f6ee8b03a19b}</UniqueIdentifier>
    </Filter>
    <Filter Include="Source Files\Instructions\OneRegImmInstr\ShiftRotateInstr\RshInstr">
      <UniqueIdentifier>{7bf500eb-218c-477a-b645-22b74a520ef0}</UniqueIdentifier>
    </Filter>
    <Filter Include="Header Files\Instructions\OneRegImmInstr\ShiftRotateInstr\RtlInstr">
      <UniqueIdentifier>{9343b316-97b5-4ba5-826a-c92eed59f4d7}</UniqueIdentifier>
    </Filter>
    <Filter Include="Source Files\Instructions\OneRegImmInstr\ShiftRotateInstr\RtlInstr">
      <UniqueIdentifier>{0cf69b74-5269-46fb-bfae-b81232151254}</UniqueIdentifier>
    </Filter>
    <Filter Include="Header Files\Instructions\OneRegImmInstr\ShiftRotateInstr\RtrInstr">
      <UniqueIdentifier>{729bc1bb-b45a-49b3-8069-0a0d15268eaa}</UniqueIdentifier>
    </Filter>
    <Filter Include="Source Files\Instructions\OneRegImmInstr\ShiftRotateInstr\RtrInstr">
      <UniqueIdentifier>{7d1b3a14-78e5-408a-99e1-076c7af67ef2}</UniqueIdentifier>
    </Filter>
    <Filter Include="Header Files\Instructions\OneRegImmInstr\ShiftRotateInstr\RtlcInstr">
      <UniqueIdentifier>{c24b874e-1f3c-490a-bba8-6c24c065c927}</UniqueIdentifier>
    </Filter>
    <Filter Include="Source Files\Instructions\OneRegImmInstr\ShiftRotateInstr\RtlcInstr">
      <UniqueIdentifier>{7d0776ba-bf8c-494f-972f-44d40b0d86ee}</UniqueIdentifier>
    </Filter>
    <Filter Include="Header Files\Instructions\OneRegImmInstr\ShiftRotateInstr\RtrcInstr">
      <UniqueIdentifier>{bbb533cb-6084-4545-b1bb-5eef16efde82}</UniqueIdentifier>
    </Filter>
    <Filter Include="Source Files\Instructions\OneRegImmInstr\ShiftRotateInstr\RtrcInstr">
      <UniqueIdentifier>{8e480e00-f76e-4364-8f71-895f5b83c5b7}</UniqueIdentifier>
    </Filter>
    <Filter Include="Header Files\Instructions\TwoRegInstr\AddcInstr">
      <UniqueIdentifier>{dfe932fa-344e-40fb-976e-2928c655ed2d}</UniqueIdentifier>
    </Filter>
    <Filter Include="Source Files\Instructions\TwoRegInstr\AddcInstr">
      <UniqueIdentifier>{7e8f3ace-117b-4e67-bd88-99d93cc0bed7}</UniqueIdentifier>
    </Filter>
    <Filter Include="Header Files\Instructions\TwoRegInstr\SubcInstr">
      <UniqueIdentifier>{3e5f372c-3ddf-410a-8ae6-c56a28c46506}</UniqueIdentifier>
    </Filter>
    <Filter Include="Source Files\Instructions\TwoRegInstr\SubcInstr">
      <UniqueIdentifier>{2cf00385-5acb-4bb1-80c1-fe5bcea69031}</UniqueIdentifier>
    </Filter>
    <Filter Include="Header Files\Instructions\TwoRegInstr\LdInstr">
      <UniqueIdentifier>{b73f8b0b-fa17-4cb4-9564-5b61557010eb}</UniqueIdentifier>
    </Filter>
    <Filter Include="Source Files\Instructions\TwoRegInstr\LdInstr">
      <UniqueIdentifier>{a34e55fa-c529-47db-a63c-55c3287ecd06}</UniqueIdentifier>
    </Filter>
    <Filter Include="Header Files\Instructions\TwoRegInstr\StInstr">
      <UniqueIdentifier>{9fa3da3d-52fd-4807-9874-a2ce8b9ed81e}</UniqueIdentifier>
    </Filter>
    <Filter Include="Source Files\Instructions\TwoRegInstr\StInstr">
      <UniqueIdentifier>{d748dbfd-0f78-485b-a13f-d0e71c50ccfd}</UniqueIdentifier>
    </Filter>
    <Filter Include="Header Files\Instructions\TwoRegInstr\MovInstr">
      <UniqueIdentifier>{a7060be5-89d4-49dc-b4cc-f7e80b777b26}</UniqueIdentifier>
    </Filter>
    <Filter Include="Source Files\Instructions\TwoRegInstr\MovInstr">
      <UniqueIdentifier>{2285a654-6eaf-4982-9a8d-0d67ee916251}</UniqueIdentifier>
    </Filter>
    <Filter Include="Header Files\Instructions\OneRegInstr\PushInstr">
      <UniqueIdentifier>{a50b3a5d-a604-4258-9649-18e79523ec75}</UniqueIdentifier>
    </Filter>
    <Filter Include="Source Files\Instructions\OneRegInstr\PushInstr">
      <UniqueIdentifier>{6f23be33-a7bf-47bc-adc0-a3b3a578f83d}</UniqueIdentifier>
    </Filter>
    <Filter Include="Header Files\Instructions\OneRegInstr\PopInstr">
      <UniqueIdentifier>{e19ede8c-b1dc-418e-9b1d-7ab708858e78}</UniqueIdentifier>
    </Filter>
    <Filter Include="Source Files\Instructions\OneRegInstr\PopInstr">
      <UniqueIdentifier>{d4fac119-9f58-4f0b-980a-65a998d9fd9c}</UniqueIdentifier>
    </Filter>
    <Filter Include="Header Files\Instructions\OneRegInstr\CallInstr">
      <UniqueIdentifier>{e571e235-4db9-41da-aec5-8f4931db6510}</UniqueIdentifier>
    </Filter>
    <Filter Include="Source Files\Instructions\OneRegInstr\CallInstr">
      <UniqueIdentifier>{46716b20-c474-4a9a-aa52-658c05e272d4}</UniqueIdentifier>
    </Filter>
    <Filter Include="Header Files\Instructions\ZeroRegInstr\RetInstr">
      <UniqueIdentifier>{6ae11ef3-c415-49b3-b03c-0c94e91848d5}</UniqueIdentifier>
    </Filter>
    <Filter Include="Source Files\Instructions\ZeroRegInstr\RetInstr">
      <UniqueIdentifier>{e3c91d12-4b56-41b6-806d-99f3d4f84f14}</UniqueIdentifier>
    </Filter>
    <Filter Include="Source Files\SupportComponents">
      <UniqueIdentifier>{74ba9e7d-f1dc-4b18-95e2-349d2c8d00c0}</UniqueIdentifier>
    </Filter>
    <Filter Include="Header Files\SupportComponents">
      <UniqueIdentifier>{1d6e9bc2-67c0-4cf7-8ed9-74eeec9eed42}</UniqueIdentifier>
    </Filter>
    <Filter Include="Header Files\Exceptions">
      <UniqueIdentifier>{97dfac65-81a6-4f66-b69e-e95f961b1be3}</UniqueIdentifier>
    </Filter>
    <Filter Include="Source Files\Exceptions">
      <UniqueIdentifier>{aadf8489-765e-4827-aa77-41c15a44afeb}</UniqueIdentifier>
    </Filter>
    <Filter Include="Header Files\Exceptions\IOExceptions">
      <UniqueIdentifier>{4484c4a8-21bb-4cab-bfee-3a5a4ce0871d}</UniqueIdentifier>
    </Filter>
    <Filter Include="Source Files\Exceptions\IOExceptions">
      <UniqueIdentifier>{21eab4a2-375f-4229-8133-d7651a1d2178}</UniqueIdentifier>
    </Filter>
    <Filter Include="Header Files\Exceptions\SymbolTableExceptions">
      <UniqueIdentifier>{809df665-61ed-40bf-8262-cdb71166b9eb}</UniqueIdentifier>
    </Filter>
    <Filter Include="Source Files\Exceptions\SymbolTableExceptions">
      <UniqueIdentifier>{4b13fd65-a441-478b-b01d-4b397af08fd2}</UniqueIdentifier>
    </Filter>
    <Filter Include="Header Files\SupportComponents\Helpers">
      <UniqueIdentifier>{69cbf4bf-3231-48d4-8281-dc3f862e2f7e}</UniqueIdentifier>
    </Filter>
    <Filter Include="Source Files\SupportComponents\Helpers">
      <UniqueIdentifier>{1d08af06-165e-46c4-bca1-c3d6f4dde9a0}</UniqueIdentifier>
    </Filter>
    <Filter Include="Header Files\Types">
      <UniqueIdentifier>{829fb430-0539-4aaa-bcbe-1f101eb11606}</UniqueIdentifier>
    </Filter>
    <Filter Include="Header Files\Parameters">
      <UniqueIdentifier>{9706577b-371e-4b52-882b-7cb90669f3e7}</UniqueIdentifier>
    </Filter>
    <Filter Include="Header Files\Parameters\Parameter">
      <UniqueIdentifier>{3a16f67e-599c-4b87-b27b-4e2f25581272}</UniqueIdentifier>
    </Filter>
    <Filter Include="Source Files\Parameters">
      <UniqueIdentifier>{4f3b36c4-4fcd-4f85-b9ea-2ee3cb794a00}</UniqueIdentifier>
    </Filter>
    <Filter Include="Source Files\Parameters\Parameter">
      <UniqueIdentifier>{f2ff05c8-07b9-46d2-8893-e22bf96bb199}</UniqueIdentifier>
    </Filter>
    <Filter Include="Header Files\ParameterHandlers">
      <UniqueIdentifier>{0b9456e5-28c8-474b-a4ec-19c92dd94b97}</UniqueIdentifier>
    </Filter>
    <Filter Include="Header Files\ParameterHandlers\ParameterHandler">
      <UniqueIdentifier>{515a18f6-8940-4fb4-9a60-093d2ffb0fba}</UniqueIdentifier>
    </Filter>
    <Filter Include="Source Files\ParameterHandlers">
      <UniqueIdentifier>{43745eca-16c8-43cf-a143-1694e6f7374d}</UniqueIdentifier>
    </Filter>
    <Filter Include="Source Files\ParameterHandlers\ParameterHandler">
      <UniqueIdentifier>{f85a2a3d-14c0-4d24-9ce0-116c1d71a146}</UniqueIdentifier>
    </Filter>
    <Filter Include="Source Files\Exceptions\ParameterException">
      <UniqueIdentifier>{9ac91571-c6ff-4aa2-8ab5-1ba43a037f37}</UniqueIdentifier>
    </Filter>
    <Filter Include="Header Files\Exceptions\ParameterException">
      <UniqueIdentifier>{b84f414b-c7a3-4878-8ce1-1081dfb51ac9}</UniqueIdentifier>
    </Filter>
    <Filter Include="Header Files\Parameters\Parameter\DbgInfoParam">
      <UniqueIdentifier>{5a4e85d5-a1b2-43c3-bb6e-fa7a9fe01d41}</UniqueIdentifier>
    </Filter>
    <Filter Include="Source Files\Parameters\Parameter\DbgInfoParam">
      <UniqueIdentifier>{73d1951b-7bc9-431f-b3b7-a9d1bc233327}</UniqueIdentifier>
    </Filter>
    <Filter Include="Header Files\ParameterHandlers\ParameterHandler\DbgInfoParamHandler">
      <UniqueIdentifier>{3afd2c4d-e218-4ae9-861e-b22c18b81935}</UniqueIdentifier>
    </Filter>
    <Filter Include="Source Files\ParameterHandlers\ParameterHandler\DbgInfoParamHandler">
      <UniqueIdentifier>{16269a51-71ba-41d6-b768-8a97c750bc6f}</UniqueIdentifier>
    </Filter>
    <Filter Include="Header Files\SupportComponents\SymbolTable">
      <UniqueIdentifier>{cd875345-a88f-47c5-bf0e-da83ac0932cb}</UniqueIdentifier>
    </Filter>
    <Filter Include="Source Files\SupportComponents\SymbolTable">
      <UniqueIdentifier>{9626d0ef-8b66-416e-ae59-706d83618769}</UniqueIdentifier>
    </Filter>
    <Filter Include="Source Files\SupportComponents\SymbolTable\Symbol">
      <UniqueIdentifier>{c77ba5c7-7264-48fd-bc94-615db8d18250}</UniqueIdentifier>
    </Filter>
    <Filter Include="Header Files\SupportComponents\SymbolTable\Symbol">
      <UniqueIdentifier>{7897854b-6922-4892-91d3-5c8ba2a63ce6}</UniqueIdentifier>
    </Filter>
    <Filter Include="Source Files\SupportComponents\SymbolTable\Symbol\LabelSymbol">
      <UniqueIdentifier>{19a90138-0e57-462b-b135-556709e50a06}</UniqueIdentifier>
    </Filter>
    <Filter Include="Header Files\SupportComponents\SymbolTable\Symbol\LabelSymbol">
      <UniqueIdentifier>{0ecea3d4-7e40-4159-8d0f-91ff194a5f1e}</UniqueIdentifier>
    </Filter>
    <Filter Include="Source Files\SupportComponents\SymbolTable\Symbol\RetSymbol">
      <UniqueIdentifier>{c1622a9d-50f3-4c3d-be8e-7b7e7aee7bd0}</UniqueIdentifier>
    </Filter>
    <Filter Include="Header Files\SupportComponents\SymbolTable\Symbol\RetSymbol">
      <UniqueIdentifier>{b727bb16-c105-44c7-9fed-319fb07ae7c4}</UniqueIdentifier>
    </Filter>
    <Filter Include="Source Files\SupportComponents\Files">
      <UniqueIdentifier>{47ac23d4-c3b9-47d0-ba74-5b7122cb9ac6}</UniqueIdentifier>
    </Filter>
    <Filter Include="Header Files\SupportComponents\Files">
      <UniqueIdentifier>{8b407f1c-a79f-47f3-9284-8c201079f892}</UniqueIdentifier>
    </Filter>
    <Filter Include="Source Files\SupportComponents\Files\ObjFile">
      <UniqueIdentifier>{014c9ae5-4cd6-4c05-9de2-761852d700db}</UniqueIdentifier>
    </Filter>
    <Filter Include="Header Files\SupportComponents\Files\ObjFile">
      <UniqueIdentifier>{3ab28eb4-ed28-4c80-b7cf-0f621ca59597}</UniqueIdentifier>
    </Filter>
    <Filter Include="Source Files\SupportComponents\Files\DbgFile">
      <UniqueIdentifier>{0a4184c1-c0dd-4a2c-b57b-482239035013}</UniqueIdentifier>
    </Filter>
    <Filter Include="Header Files\SupportComponents\Files\DbgFile">
      <UniqueIdentifier>{45c5f9e7-4632-4b11-a9ff-35dc3bd53ddb}</UniqueIdentifier>
    </Filter>
    <Filter Include="Source Files\SupportComponents\Files\HexFile">
      <UniqueIdentifier>{32eb418e-622b-4b65-a6e0-d873a67b2965}</UniqueIdentifier>
    </Filter>
    <Filter Include="Header Files\SupportComponents\Files\HexFile">
      <UniqueIdentifier>{86ae75cd-3aee-4bba-8ce8-ccdc70479167}</UniqueIdentifier>
    </Filter>
    <Filter Include="Header Files\SupportComponents\Files\SrcFile">
      <UniqueIdentifier>{ab95a745-6abf-4eeb-a708-3b98487e0edb}</UniqueIdentifier>
    </Filter>
    <Filter Include="Header Files\SupportComponents\Files\SrcFile\LdaSrcFile">
      <UniqueIdentifier>{514f7364-b3ef-49b8-bbce-9961024670f7}</UniqueIdentifier>
    </Filter>
    <Filter Include="Source Files\SupportComponents\Files\SrcFile">
      <UniqueIdentifier>{c0be531c-c1b1-41cf-a185-b20f497fca81}</UniqueIdentifier>
    </Filter>
    <Filter Include="Source Files\SupportComponents\Files\SrcFile\LdaSrcFile">
      <UniqueIdentifier>{c2747c04-5d0f-432d-82b0-b7b1bd5042f1}</UniqueIdentifier>
    </Filter>
  </ItemGroup>
  <ItemGroup>
    <ClInclude Include="code\CodeGenerator\CodeGenerator.h">
      <Filter>Header Files</Filter>
    </ClInclude>
    <ClInclude Include="code\LexAnalyzer\LexAnalyzer.h">
      <Filter>Header Files</Filter>
    </ClInclude>
    <ClInclude Include="code\Parser\Parser.h">
      <Filter>Header Files</Filter>
    </ClInclude>
    <ClInclude Include="code\Token\Token.h">
      <Filter>Header Files</Filter>
    </ClInclude>
    <ClInclude Include="code\Instructions\Instruction.h">
      <Filter>Header Files\Instructions</Filter>
    </ClInclude>
    <ClInclude Include="code\Instructions\ZeroRegInstr\ZeroRegInstr.h">
      <Filter>Header Files\Instructions\ZeroRegInstr</Filter>
    </ClInclude>
    <ClInclude Include="code\Instructions\ZeroRegInstr\NoopInstr\NoopInstr.h">
      <Filter>Header Files\Instructions\ZeroRegInstr\NoopInstr</Filter>
    </ClInclude>
    <ClInclude Include="code\Instructions\OneRegInstr\OneRegInstr.h">
      <Filter>Header Files\Instructions\OneRegInstr</Filter>
    </ClInclude>
    <ClInclude Include="code\Instructions\OneRegInstr\BrInstr\BrInstr.h">
      <Filter>Header Files\Instructions\OneRegInstr\BrInstr</Filter>
    </ClInclude>
    <ClInclude Include="code\Instructions\OneRegInstr\BreqInstr\BreqInstr.h">
      <Filter>Header Files\Instructions\OneRegInstr\BreqInstr</Filter>
    </ClInclude>
    <ClInclude Include="code\Instructions\OneRegInstr\BrneInstr\BrneInstr.h">
      <Filter>Header Files\Instructions\OneRegInstr\BrneInstr</Filter>
    </ClInclude>
    <ClInclude Include="code\Instructions\OneRegInstr\BrltsInstr\BrltsInstr.h">
      <Filter>Header Files\Instructions\OneRegInstr\BrltsInstr</Filter>
    </ClInclude>
    <ClInclude Include="code\Instructions\OneRegInstr\BrgtsInstr\BrgtsInstr.h">
      <Filter>Header Files\Instructions\OneRegInstr\BrgtsInstr</Filter>
    </ClInclude>
    <ClInclude Include="code\Instructions\OneRegInstr\BrltuInstr\BrltuInstr.h">
      <Filter>Header Files\Instructions\OneRegInstr\BrltuInstr</Filter>
    </ClInclude>
    <ClInclude Include="code\Instructions\OneRegInstr\BrgtuInstr\BrgtuInstr.h">
      <Filter>Header Files\Instructions\OneRegInstr\BrgtuInstr</Filter>
    </ClInclude>
    <ClInclude Include="code\Instructions\OneRegInstr\ClrInstr\ClrInstr.h">
      <Filter>Header Files\Instructions\OneRegInstr\ClrInstr</Filter>
    </ClInclude>
    <ClInclude Include="code\Instructions\OneRegInstr\NotInstr\NotInstr.h">
      <Filter>Header Files\Instructions\OneRegInstr\NotInstr</Filter>
    </ClInclude>
    <ClInclude Include="code\Instructions\TwoRegInstr\TwoRegInstr.h">
      <Filter>Header Files\Instructions\TwoRegInstr</Filter>
    </ClInclude>
    <ClInclude Include="code\Instructions\TwoRegInstr\AddInstr\AddInstr.h">
      <Filter>Header Files\Instructions\TwoRegInstr\AddInstr</Filter>
    </ClInclude>
    <ClInclude Include="code\Instructions\TwoRegInstr\SubInstr\SubInstr.h">
      <Filter>Header Files\Instructions\TwoRegInstr\SubInstr</Filter>
    </ClInclude>
    <ClInclude Include="code\Instructions\TwoRegInstr\CmpInstr\CmpInstr.h">
      <Filter>Header Files\Instructions\TwoRegInstr\CmpInstr</Filter>
    </ClInclude>
    <ClInclude Include="code\Instructions\TwoRegInstr\OrInstr\OrInstr.h">
      <Filter>Header Files\Instructions\TwoRegInstr\OrInstr</Filter>
    </ClInclude>
    <ClInclude Include="code\Instructions\TwoRegInstr\AndInstr\AndInstr.h">
      <Filter>Header Files\Instructions\TwoRegInstr\AndInstr</Filter>
    </ClInclude>
    <ClInclude Include="code\Instructions\TwoRegInstr\XorInstr\XorInstr.h">
      <Filter>Header Files\Instructions\TwoRegInstr\XorInstr</Filter>
    </ClInclude>
    <ClInclude Include="code\Instructions\OneRegImmInstr\OneRegImmInstr.h">
      <Filter>Header Files\Instructions\OneRegImmInstr</Filter>
    </ClInclude>
    <ClInclude Include="code\Instructions\OneRegImmInstr\LdiInstr\LdiInstr.h">
      <Filter>Header Files\Instructions\OneRegImmInstr\LdiInstr</Filter>
    </ClInclude>
    <ClInclude Include="code\Parser\Nonterminals.h">
      <Filter>Header Files</Filter>
    </ClInclude>
    <ClInclude Include="code\Instructions\OneRegImmInstr\OneRegImmInstuctions.h">
      <Filter>Header Files\Instructions\OneRegImmInstr</Filter>
    </ClInclude>
    <ClInclude Include="code\Instructions\OneRegInstr\OneRegInstructions.h">
      <Filter>Header Files\Instructions\OneRegInstr</Filter>
    </ClInclude>
    <ClInclude Include="code\Instructions\ZeroRegInstr\ZeroRegInstructions.h">
      <Filter>Header Files\Instructions\ZeroRegInstr</Filter>
    </ClInclude>
    <ClInclude Include="code\Instructions\TwoRegInstr\TwoRegInstructions.h">
      <Filter>Header Files\Instructions\TwoRegInstr</Filter>
    </ClInclude>
    <ClInclude Include="code\Instructions\OneRegImmInstr\ShiftRotateInstr\ShiftRotateInstr.h">
      <Filter>Header Files\Instructions\OneRegImmInstr\ShiftRotateInstr</Filter>
    </ClInclude>
    <ClInclude Include="code\Instructions\OneRegImmInstr\ShiftRotateInstr\ShiftRotateInstructions.h">
      <Filter>Header Files\Instructions\OneRegImmInstr\ShiftRotateInstr</Filter>
    </ClInclude>
    <ClInclude Include="code\Instructions\OneRegImmInstr\ShiftRotateInstr\LshInstr\LshInstr.h">
      <Filter>Header Files\Instructions\OneRegImmInstr\ShiftRotateInstr\LshInstr</Filter>
    </ClInclude>
    <ClInclude Include="code\Instructions\OneRegImmInstr\ShiftRotateInstr\RshInstr\RshInstr.h">
      <Filter>Header Files\Instructions\OneRegImmInstr\ShiftRotateInstr\RshInstr</Filter>
    </ClInclude>
    <ClInclude Include="code\Instructions\OneRegImmInstr\ShiftRotateInstr\RtlInstr\RtlInstr.h">
      <Filter>Header Files\Instructions\OneRegImmInstr\ShiftRotateInstr\RtlInstr</Filter>
    </ClInclude>
    <ClInclude Include="code\Instructions\OneRegImmInstr\ShiftRotateInstr\RtrInstr\RtrInstr.h">
      <Filter>Header Files\Instructions\OneRegImmInstr\ShiftRotateInstr\RtrInstr</Filter>
    </ClInclude>
    <ClInclude Include="code\Instructions\OneRegImmInstr\ShiftRotateInstr\RtlcInstr\RtlcInstr.h">
      <Filter>Header Files\Instructions\OneRegImmInstr\ShiftRotateInstr\RtlcInstr</Filter>
    </ClInclude>
    <ClInclude Include="code\Instructions\OneRegImmInstr\ShiftRotateInstr\RtrcInstr\RtrcInstr.h">
      <Filter>Header Files\Instructions\OneRegImmInstr\ShiftRotateInstr\RtrcInstr</Filter>
    </ClInclude>
    <ClInclude Include="code\Instructions\TwoRegInstr\AddcInstr\AddcInstr.h">
      <Filter>Header Files\Instructions\TwoRegInstr\AddcInstr</Filter>
    </ClInclude>
    <ClInclude Include="code\Instructions\TwoRegInstr\SubcInstr\SubcInstr.h">
      <Filter>Header Files\Instructions\TwoRegInstr\SubcInstr</Filter>
    </ClInclude>
    <ClInclude Include="code\Instructions\TwoRegInstr\LdInstr\LdInstr.h">
      <Filter>Header Files\Instructions\TwoRegInstr\LdInstr</Filter>
    </ClInclude>
    <ClInclude Include="code\Instructions\TwoRegInstr\StInstr\StInstr.h">
      <Filter>Header Files\Instructions\TwoRegInstr\StInstr</Filter>
    </ClInclude>
    <ClInclude Include="code\Instructions\TwoRegInstr\MovInstr\MovInstr.h">
      <Filter>Header Files\Instructions\TwoRegInstr\MovInstr</Filter>
    </ClInclude>
    <ClInclude Include="code\Instructions\OneRegInstr\PushInstr\PushInstr.h">
      <Filter>Header Files\Instructions\OneRegInstr\PushInstr</Filter>
    </ClInclude>
    <ClInclude Include="code\Instructions\OneRegInstr\PopInstr\PopInstr.h">
      <Filter>Header Files\Instructions\OneRegInstr\PopInstr</Filter>
    </ClInclude>
    <ClInclude Include="code\Instructions\OneRegInstr\CallInstr\CallInstr.h">
      <Filter>Header Files\Instructions\OneRegInstr\CallInstr</Filter>
    </ClInclude>
    <ClInclude Include="code\Instructions\ZeroRegInstr\RetInstr\RetInstr.h">
      <Filter>Header Files\Instructions\ZeroRegInstr\RetInstr</Filter>
    </ClInclude>
    <ClInclude Include="code\Compiler\Compiler.h">
      <Filter>Header Files</Filter>
    </ClInclude>
    <ClInclude Include="code\Exceptions\LLDevException.h">
      <Filter>Header Files\Exceptions</Filter>
    </ClInclude>
    <ClInclude Include="code\Exceptions\LLDevIOException\LLDevIOException.h">
      <Filter>Header Files\Exceptions\IOExceptions</Filter>
    </ClInclude>
    <ClInclude Include="code\Exceptions\LLDevSymbolTableException\LLDevSymbolTableException.h">
      <Filter>Header Files\Exceptions\SymbolTableExceptions</Filter>
    </ClInclude>
    <ClInclude Include="code\Exceptions\LLDevExceptions.h">
      <Filter>Header Files\Exceptions</Filter>
    </ClInclude>
    <ClInclude Include="code\SupportComponents\Helpers\LineHelper\LineHelper.h">
      <Filter>Header Files\SupportComponents\Helpers</Filter>
    </ClInclude>
    <ClInclude Include="code\SupportComponents\Helpers\Helpers.h">
      <Filter>Header Files\SupportComponents\Helpers</Filter>
    </ClInclude>
    <ClInclude Include="code\Types\TypeDef.h">
      <Filter>Header Files\Types</Filter>
    </ClInclude>
    <ClInclude Include="code\SupportComponents\Helpers\ParametersHelper\ParametersHelper.h">
      <Filter>Header Files\SupportComponents\Helpers</Filter>
    </ClInclude>
    <ClInclude Include="code\Parameters\Parameters.h">
      <Filter>Header Files\Parameters</Filter>
    </ClInclude>
    <ClInclude Include="code\Parameters\Parameter\Parameter.h">
      <Filter>Header Files\Parameters\Parameter</Filter>
    </ClInclude>
    <ClInclude Include="code\ParameterHandlers\ParameterHandlers.h">
      <Filter>Header Files\ParameterHandlers</Filter>
    </ClInclude>
    <ClInclude Include="code\ParameterHandlers\ParameterHandler\ParameterHandler.h">
      <Filter>Header Files\ParameterHandlers\ParameterHandler</Filter>
    </ClInclude>
    <ClInclude Include="code\Exceptions\LLDevParameterException\LLDevParameterException.h">
      <Filter>Header Files\Exceptions\ParameterException</Filter>
    </ClInclude>
    <ClInclude Include="code\Parameters\Parameter\DbgInfoParam\DbgInfoParam.h">
      <Filter>Header Files\Parameters\Parameter\DbgInfoParam</Filter>
    </ClInclude>
    <ClInclude Include="code\ParameterHandlers\ParameterHandler\DbgInfoParamHandler\DbgInfoParamHandler.h">
      <Filter>Header Files\ParameterHandlers\ParameterHandler\DbgInfoParamHandler</Filter>
    </ClInclude>
    <ClInclude Include="code\SupportComponents\SymbolTable\SymbolTable.h">
      <Filter>Header Files\SupportComponents\SymbolTable</Filter>
    </ClInclude>
    <ClInclude Include="code\SupportComponents\SymbolTable\Symbol\Symbol.h">
      <Filter>Header Files\SupportComponents\SymbolTable\Symbol</Filter>
    </ClInclude>
    <ClInclude Include="code\SupportComponents\SymbolTable\Symbol\LabelSymbol\LabelSymbol.h">
      <Filter>Header Files\SupportComponents\SymbolTable\Symbol\LabelSymbol</Filter>
    </ClInclude>
    <ClInclude Include="code\SupportComponents\SymbolTable\Symbol\RetSymbol\RetSymbol.h">
      <Filter>Header Files\SupportComponents\SymbolTable\Symbol\RetSymbol</Filter>
    </ClInclude>
    <ClInclude Include="code\SupportComponents\SymbolTable\Symbol\Symbols.h">
      <Filter>Header Files\SupportComponents\SymbolTable\Symbol</Filter>
    </ClInclude>
    <ClInclude Include="code\SupportComponents\Files\File.h">
      <Filter>Header Files\SupportComponents\Files</Filter>
    </ClInclude>
    <ClInclude Include="code\SupportComponents\Files\Files.h">
      <Filter>Header Files\SupportComponents\Files</Filter>
    </ClInclude>
    <ClInclude Include="code\SupportComponents\Files\ObjFile\ObjFile.h">
      <Filter>Header Files\SupportComponents\Files\ObjFile</Filter>
    </ClInclude>
    <ClInclude Include="code\SupportComponents\Files\DbgFile\DbgFile.h">
      <Filter>Header Files\SupportComponents\Files\DbgFile</Filter>
    </ClInclude>
    <ClInclude Include="code\SupportComponents\Files\HexFile\HexFile.h">
      <Filter>Header Files\SupportComponents\Files\HexFile</Filter>
    </ClInclude>
    <ClInclude Include="code\SupportComponents\Files\SrcFile\LdaSrcFile\LdaSrcFile.h">
      <Filter>Header Files\SupportComponents\Files\SrcFile\LdaSrcFile</Filter>
    </ClInclude>
  </ItemGroup>
  <ItemGroup>
    <ClCompile Include="code\LLDevCompiler.cpp">
      <Filter>Source Files</Filter>
    </ClCompile>
    <ClCompile Include="code\CodeGenerator\CodeGenerator.cpp">
      <Filter>Source Files</Filter>
    </ClCompile>
    <ClCompile Include="code\LexAnalyzer\LexAnalyzer.cpp">
      <Filter>Source Files</Filter>
    </ClCompile>
    <ClCompile Include="code\Parser\Parser.cpp">
      <Filter>Source Files</Filter>
    </ClCompile>
    <ClCompile Include="code\Token\Token.cpp">
      <Filter>Source Files</Filter>
    </ClCompile>
    <ClCompile Include="code\Instructions\Instruction.cpp">
      <Filter>Source Files\Instructions</Filter>
    </ClCompile>
    <ClCompile Include="code\Instructions\ZeroRegInstr\ZeroRegInstr.cpp">
      <Filter>Source Files\Instructions\ZeroRegInstr</Filter>
    </ClCompile>
    <ClCompile Include="code\Instructions\ZeroRegInstr\NoopInstr\NoopInstr.cpp">
      <Filter>Source Files\Instructions\ZeroRegInstr\NoopInstr</Filter>
    </ClCompile>
    <ClCompile Include="code\Instructions\OneRegInstr\OneRegInstr.cpp">
      <Filter>Source Files\Instructions\OneRegInstr</Filter>
    </ClCompile>
    <ClCompile Include="code\Instructions\OneRegInstr\BrInstr\BrInstr.cpp">
      <Filter>Source Files\Instructions\OneRegInstr\BrInstr</Filter>
    </ClCompile>
    <ClCompile Include="code\Instructions\OneRegInstr\BreqInstr\BreqInstr.cpp">
      <Filter>Source Files\Instructions\OneRegInstr\BreqInstr</Filter>
    </ClCompile>
    <ClCompile Include="code\Instructions\OneRegInstr\BrneInstr\BrneInstr.cpp">
      <Filter>Source Files\Instructions\OneRegInstr\BrneInstr</Filter>
    </ClCompile>
    <ClCompile Include="code\Instructions\OneRegInstr\BrltsInstr\BrltsInstr.cpp">
      <Filter>Source Files\Instructions\OneRegInstr\BrltsInstr</Filter>
    </ClCompile>
    <ClCompile Include="code\Instructions\OneRegInstr\BrgtsInstr\BrgtsInstr.cpp">
      <Filter>Source Files\Instructions\OneRegInstr\BrgtsInstr</Filter>
    </ClCompile>
    <ClCompile Include="code\Instructions\OneRegInstr\BrltuInstr\BrltuInstr.cpp">
      <Filter>Source Files\Instructions\OneRegInstr\BrltuInstr</Filter>
    </ClCompile>
    <ClCompile Include="code\Instructions\OneRegInstr\BrgtuInstr\BrgtuInstr.cpp">
      <Filter>Source Files\Instructions\OneRegInstr\BrgtuInstr</Filter>
    </ClCompile>
    <ClCompile Include="code\Instructions\OneRegInstr\ClrInstr\ClrInstr.cpp">
      <Filter>Source Files\Instructions\OneRegInstr\ClrInstr</Filter>
    </ClCompile>
    <ClCompile Include="code\Instructions\OneRegInstr\NotInstr\NotInstr.cpp">
      <Filter>Source Files\Instructions\OneRegInstr\NotInstr</Filter>
    </ClCompile>
    <ClCompile Include="code\Instructions\TwoRegInstr\TwoRegInstr.cpp">
      <Filter>Source Files\Instructions\TwoRegInstr</Filter>
    </ClCompile>
    <ClCompile Include="code\Instructions\TwoRegInstr\AddInstr\AddInstr.cpp">
      <Filter>Source Files\Instructions\TwoRegInstr\AddInstr</Filter>
    </ClCompile>
    <ClCompile Include="code\Instructions\TwoRegInstr\SubInstr\SubInstr.cpp">
      <Filter>Source Files\Instructions\TwoRegInstr\SubInstr</Filter>
    </ClCompile>
    <ClCompile Include="code\Instructions\TwoRegInstr\CmpInstr\CmpInstr.cpp">
      <Filter>Source Files\Instructions\TwoRegInstr\CmpInstr</Filter>
    </ClCompile>
    <ClCompile Include="code\Instructions\TwoRegInstr\OrInstr\OrInstr.cpp">
      <Filter>Source Files\Instructions\TwoRegInstr\OrInstr</Filter>
    </ClCompile>
    <ClCompile Include="code\Instructions\TwoRegInstr\AndInstr\AndInstr.cpp">
      <Filter>Source Files\Instructions\TwoRegInstr\AndInstr</Filter>
    </ClCompile>
    <ClCompile Include="code\Instructions\TwoRegInstr\XorInstr\XorInstr.cpp">
      <Filter>Source Files\Instructions\TwoRegInstr\XorInstr</Filter>
    </ClCompile>
    <ClCompile Include="code\Instructions\OneRegImmInstr\OneRegImmInstr.cpp">
      <Filter>Source Files\Instructions\OneRegImmInstr</Filter>
    </ClCompile>
    <ClCompile Include="code\Instructions\OneRegImmInstr\LdiInstr\LdiInstr.cpp">
      <Filter>Source Files\Instructions\OneRegImmInstr\LdiInstr</Filter>
    </ClCompile>
    <ClCompile Include="code\Instructions\OneRegImmInstr\ShiftRotateInstr\ShiftRotateInstr.cpp">
      <Filter>Source Files\Instructions\OneRegImmInstr\ShiftRotateInstr</Filter>
    </ClCompile>
    <ClCompile Include="code\Instructions\OneRegImmInstr\ShiftRotateInstr\LshInstr\LshInstr.cpp">
      <Filter>Source Files\Instructions\OneRegImmInstr\ShiftRotateInstr\LshInstr</Filter>
    </ClCompile>
    <ClCompile Include="code\Instructions\OneRegImmInstr\ShiftRotateInstr\RshInstr\RshInstr.cpp">
      <Filter>Source Files\Instructions\OneRegImmInstr\ShiftRotateInstr\RshInstr</Filter>
    </ClCompile>
    <ClCompile Include="code\Instructions\OneRegImmInstr\ShiftRotateInstr\RtlInstr\RtlInstr.cpp">
      <Filter>Source Files\Instructions\OneRegImmInstr\ShiftRotateInstr\RtlInstr</Filter>
    </ClCompile>
    <ClCompile Include="code\Instructions\OneRegImmInstr\ShiftRotateInstr\RtrInstr\RtrInstr.cpp">
      <Filter>Source Files\Instructions\OneRegImmInstr\ShiftRotateInstr\RtrInstr</Filter>
    </ClCompile>
    <ClCompile Include="code\Instructions\OneRegImmInstr\ShiftRotateInstr\RtlcInstr\RtlcInstr.cpp">
      <Filter>Source Files\Instructions\OneRegImmInstr\ShiftRotateInstr\RtlcInstr</Filter>
    </ClCompile>
    <ClCompile Include="code\Instructions\OneRegImmInstr\ShiftRotateInstr\RtrcInstr\RtrcInstr.cpp">
      <Filter>Source Files\Instructions\OneRegImmInstr\ShiftRotateInstr\RtrcInstr</Filter>
    </ClCompile>
    <ClCompile Include="code\Instructions\TwoRegInstr\AddcInstr\AddcInstr.cpp">
      <Filter>Source Files\Instructions\TwoRegInstr\AddcInstr</Filter>
    </ClCompile>
    <ClCompile Include="code\Instructions\TwoRegInstr\SubcInstr\SubcInstr.cpp">
      <Filter>Source Files\Instructions\TwoRegInstr\SubcInstr</Filter>
    </ClCompile>
    <ClCompile Include="code\Instructions\TwoRegInstr\LdInstr\LdInstr.cpp">
      <Filter>Source Files\Instructions\TwoRegInstr\LdInstr</Filter>
    </ClCompile>
    <ClCompile Include="code\Instructions\TwoRegInstr\StInstr\StInstr.cpp">
      <Filter>Source Files\Instructions\TwoRegInstr\StInstr</Filter>
    </ClCompile>
    <ClCompile Include="code\Instructions\TwoRegInstr\MovInstr\MovInstr.cpp">
      <Filter>Source Files\Instructions\TwoRegInstr\MovInstr</Filter>
    </ClCompile>
    <ClCompile Include="code\Instructions\OneRegInstr\PushInstr\PushInstr.cpp">
      <Filter>Source Files\Instructions\OneRegInstr\PushInstr</Filter>
    </ClCompile>
    <ClCompile Include="code\Instructions\OneRegInstr\PopInstr\PopInstr.cpp">
      <Filter>Source Files\Instructions\OneRegInstr\PopInstr</Filter>
    </ClCompile>
    <ClCompile Include="code\Instructions\OneRegInstr\CallInstr\CallInstr.cpp">
      <Filter>Source Files\Instructions\OneRegInstr\CallInstr</Filter>
    </ClCompile>
    <ClCompile Include="code\Instructions\ZeroRegInstr\RetInstr\RetInstr.cpp">
      <Filter>Source Files\Instructions\ZeroRegInstr\RetInstr</Filter>
    </ClCompile>
    <ClCompile Include="code\Compiler\Compiler.cpp">
      <Filter>Source Files</Filter>
    </ClCompile>
    <ClCompile Include="code\Exceptions\LLDevIOException\LLDevIOException.cpp">
      <Filter>Source Files\Exceptions\IOExceptions</Filter>
    </ClCompile>
    <ClCompile Include="code\Exceptions\LLDevSymbolTableException\LLDevSymbolTableException.cpp">
      <Filter>Source Files\Exceptions\SymbolTableExceptions</Filter>
    </ClCompile>
    <ClCompile Include="code\SupportComponents\Helpers\LineHelper\LineHelper.cpp">
      <Filter>Source Files\SupportComponents\Helpers</Filter>
    </ClCompile>
    <ClCompile Include="code\SupportComponents\Helpers\ParametersHelper\ParametersHelper.cpp">
      <Filter>Source Files\SupportComponents\Helpers</Filter>
    </ClCompile>
    <ClCompile Include="code\Parameters\Parameter\Parameter.cpp">
      <Filter>Source Files\Parameters\Parameter</Filter>
    </ClCompile>
    <ClCompile Include="code\Exceptions\LLDevParameterException\LLDevParameterException.cpp">
      <Filter>Source Files\Exceptions\ParameterException</Filter>
    </ClCompile>
    <ClCompile Include="code\Parameters\Parameter\DbgInfoParam\DbgInfoParam.cpp">
      <Filter>Source Files\Parameters\Parameter\DbgInfoParam</Filter>
    </ClCompile>
    <ClCompile Include="code\ParameterHandlers\ParameterHandler\DbgInfoParamHandler\DbgInfoParamHandler.cpp">
      <Filter>Source Files\ParameterHandlers\ParameterHandler\DbgInfoParamHandler</Filter>
    </ClCompile>
    <ClCompile Include="code\SupportComponents\SymbolTable\SymbolTable.cpp">
      <Filter>Source Files\SupportComponents\SymbolTable</Filter>
    </ClCompile>
    <ClCompile Include="code\SupportComponents\SymbolTable\Symbol\Symbol.cpp">
      <Filter>Source Files\SupportComponents\SymbolTable\Symbol</Filter>
    </ClCompile>
    <ClCompile Include="code\SupportComponents\SymbolTable\Symbol\LabelSymbol\LabelSymbol.cpp">
      <Filter>Source Files\SupportComponents\SymbolTable\Symbol\LabelSymbol</Filter>
    </ClCompile>
    <ClCompile Include="code\SupportComponents\SymbolTable\Symbol\RetSymbol\RetSymbol.cpp">
      <Filter>Source Files\SupportComponents\SymbolTable\Symbol\RetSymbol</Filter>
    </ClCompile>
    <ClCompile Include="code\SupportComponents\Files\File.cpp">
      <Filter>Source Files\SupportComponents\Files</Filter>
    </ClCompile>
    <ClCompile Include="code\SupportComponents\Files\ObjFile\ObjFile.cpp">
      <Filter>Source Files\SupportComponents\Files\ObjFile</Filter>
    </ClCompile>
    <ClCompile Include="code\SupportComponents\Files\DbgFile\DbgFile.cpp">
      <Filter>Source Files\SupportComponents\Files\DbgFile</Filter>
    </ClCompile>
    <ClCompile Include="code\SupportComponents\Files\HexFile\HexFile.cpp">
      <Filter>Source Files\SupportComponents\Files\HexFile</Filter>
    </ClCompile>
    <ClCompile Include="code\SupportComponents\Files\SrcFile\LdaSrcFile\LdaSrcFile.cpp">
      <Filter>Source Files\SupportComponents\Files\SrcFile\LdaSrcFile</Filter>
    </ClCompile>
  </ItemGroup>
</Project>